// !$*UTF8*$!
{
	archiveVersion = 1;
	classes = {
	};
	objectVersion = 56;
	objects = {

/* Begin PBXBuildFile section */
		EE33B5232C46629100E9C350 /* AppDelegate.swift in Sources */ = {isa = PBXBuildFile; fileRef = EE33B5222C46629100E9C350 /* AppDelegate.swift */; };
		EE33B5252C46629100E9C350 /* SceneDelegate.swift in Sources */ = {isa = PBXBuildFile; fileRef = EE33B5242C46629100E9C350 /* SceneDelegate.swift */; };
		EE33B52D2C46629100E9C350 /* Marvel.xcdatamodeld in Sources */ = {isa = PBXBuildFile; fileRef = EE33B52B2C46629100E9C350 /* Marvel.xcdatamodeld */; };
		EE33B52F2C46629200E9C350 /* Assets.xcassets in Resources */ = {isa = PBXBuildFile; fileRef = EE33B52E2C46629200E9C350 /* Assets.xcassets */; };
		EE33B55A2C466C9000E9C350 /* Colors.xcassets in Resources */ = {isa = PBXBuildFile; fileRef = EE33B5592C466C9000E9C350 /* Colors.xcassets */; };
		EE33B55E2C466CA200E9C350 /* Localizable.strings in Resources */ = {isa = PBXBuildFile; fileRef = EE33B55C2C466CA200E9C350 /* Localizable.strings */; };
		EE33B5632C466CFB00E9C350 /* swiftgen.yml in Resources */ = {isa = PBXBuildFile; fileRef = EE33B5612C466CFB00E9C350 /* swiftgen.yml */; };
		EE33B5642C466CFB00E9C350 /* .swiftlint.yml in Resources */ = {isa = PBXBuildFile; fileRef = EE33B5622C466CFB00E9C350 /* .swiftlint.yml */; };
		EE33B56A2C466D9D00E9C350 /* Fonts+Generated.swift in Sources */ = {isa = PBXBuildFile; fileRef = EE33B5682C466D9D00E9C350 /* Fonts+Generated.swift */; };
		EE33B56B2C466D9D00E9C350 /* Strings+Generated.swift in Sources */ = {isa = PBXBuildFile; fileRef = EE33B5692C466D9D00E9C350 /* Strings+Generated.swift */; };
		EE80A3882C480AC100D05F68 /* SeriesExpandedCollectionViewCell.swift in Sources */ = {isa = PBXBuildFile; fileRef = EE80A3862C480AC100D05F68 /* SeriesExpandedCollectionViewCell.swift */; };
		EE80A3892C480AC100D05F68 /* SeriesExpandedCollectionViewCell.xib in Resources */ = {isa = PBXBuildFile; fileRef = EE80A3872C480AC100D05F68 /* SeriesExpandedCollectionViewCell.xib */; };
		EE8C90452C46D56000A90677 /* MarvelCoordinator.swift in Sources */ = {isa = PBXBuildFile; fileRef = EE8C90442C46D56000A90677 /* MarvelCoordinator.swift */; };
		EE8C90482C46D67D00A90677 /* Logger.swift in Sources */ = {isa = PBXBuildFile; fileRef = EE8C90462C46D67D00A90677 /* Logger.swift */; };
		EE8C904B2C46D75300A90677 /* SceneDelegateCommand.swift in Sources */ = {isa = PBXBuildFile; fileRef = EE8C904A2C46D75300A90677 /* SceneDelegateCommand.swift */; };
		EE8C904E2C46D7DB00A90677 /* MarvelCoordinatorCommand.swift in Sources */ = {isa = PBXBuildFile; fileRef = EE8C904D2C46D7DB00A90677 /* MarvelCoordinatorCommand.swift */; };
		EE8C905A2C46D97300A90677 /* SeriesCoordinator.swift in Sources */ = {isa = PBXBuildFile; fileRef = EE8C90562C46D97300A90677 /* SeriesCoordinator.swift */; };
		EE8C905B2C46D97300A90677 /* SeriesViewController.swift in Sources */ = {isa = PBXBuildFile; fileRef = EE8C90572C46D97300A90677 /* SeriesViewController.swift */; };
		EE8C905D2C46D97300A90677 /* SeriesViewModel.swift in Sources */ = {isa = PBXBuildFile; fileRef = EE8C90592C46D97300A90677 /* SeriesViewModel.swift */; };
		EE8C905F2C46D97900A90677 /* SeriesUseCase.swift in Sources */ = {isa = PBXBuildFile; fileRef = EE8C905E2C46D97900A90677 /* SeriesUseCase.swift */; };
		EE8C908D2C46E51200A90677 /* CompositionalLayoutableSection in Frameworks */ = {isa = PBXBuildFile; productRef = EE8C908C2C46E51200A90677 /* CompositionalLayoutableSection */; };
		EE8C90952C46E64700A90677 /* SeriesView.swift in Sources */ = {isa = PBXBuildFile; fileRef = EE8C90922C46E64700A90677 /* SeriesView.swift */; };
		EE8C909A2C46EA8700A90677 /* SeriesCollectionViewCell.xib in Resources */ = {isa = PBXBuildFile; fileRef = EE8C90992C46EA8700A90677 /* SeriesCollectionViewCell.xib */; };
		EE8C909B2C46EA8700A90677 /* SeriesCollectionViewCell.swift in Sources */ = {isa = PBXBuildFile; fileRef = EE8C90972C46EA8700A90677 /* SeriesCollectionViewCell.swift */; };
		EE8C909C2C46EA8700A90677 /* SeriesCollectionViewSection.swift in Sources */ = {isa = PBXBuildFile; fileRef = EE8C90982C46EA8700A90677 /* SeriesCollectionViewSection.swift */; };
		EEA0C7402C47B39500FFEBF0 /* Poppins-Bold.ttf in Resources */ = {isa = PBXBuildFile; fileRef = EEA0C73B2C47B39500FFEBF0 /* Poppins-Bold.ttf */; };
		EEA0C7412C47B39500FFEBF0 /* Poppins-Medium.ttf in Resources */ = {isa = PBXBuildFile; fileRef = EEA0C73C2C47B39500FFEBF0 /* Poppins-Medium.ttf */; };
		EEA0C7422C47B39500FFEBF0 /* Poppins-Regular.ttf in Resources */ = {isa = PBXBuildFile; fileRef = EEA0C73D2C47B39500FFEBF0 /* Poppins-Regular.ttf */; };
		EEA0C7432C47B39500FFEBF0 /* Poppins-SemiBold.ttf in Resources */ = {isa = PBXBuildFile; fileRef = EEA0C73E2C47B39500FFEBF0 /* Poppins-SemiBold.ttf */; };
		EEDD93062C4ABB6E00B4994F /* SeriesDetailEndPoint.swift in Sources */ = {isa = PBXBuildFile; fileRef = EEDD93052C4ABB6E00B4994F /* SeriesDetailEndPoint.swift */; };
		EEDD93082C4ABD6C00B4994F /* SeriesDetailEntity.swift in Sources */ = {isa = PBXBuildFile; fileRef = EEDD93072C4ABD6C00B4994F /* SeriesDetailEntity.swift */; };
		EEDD930A2C4ABFA100B4994F /* SeriesDetailEntityMapper.swift in Sources */ = {isa = PBXBuildFile; fileRef = EEDD93092C4ABFA100B4994F /* SeriesDetailEntityMapper.swift */; };
		EEDD930C2C4AC05F00B4994F /* SeriesAPIClient.swift in Sources */ = {isa = PBXBuildFile; fileRef = EEDD930B2C4AC05F00B4994F /* SeriesAPIClient.swift */; };
		EEDD930F2C4AC5DE00B4994F /* ImageUseCase.swift in Sources */ = {isa = PBXBuildFile; fileRef = EEDD930E2C4AC5DE00B4994F /* ImageUseCase.swift */; };
		EEDD93112C4AC68A00B4994F /* SeriesDetailAPIClient.swift in Sources */ = {isa = PBXBuildFile; fileRef = EEDD93102C4AC68A00B4994F /* SeriesDetailAPIClient.swift */; };
		EEDD93132C4AC7B700B4994F /* SeriesRepositoryFactory.swift in Sources */ = {isa = PBXBuildFile; fileRef = EEDD93122C4AC7B700B4994F /* SeriesRepositoryFactory.swift */; };
		EEDD93172C4ACF5900B4994F /* Coordinator in Frameworks */ = {isa = PBXBuildFile; productRef = EEDD93162C4ACF5900B4994F /* Coordinator */; };
		EEE6CC5E2C49662800E8E89C /* SeriesEndPoint.swift in Sources */ = {isa = PBXBuildFile; fileRef = EEE6CC5D2C49662800E8E89C /* SeriesEndPoint.swift */; };
		EEE6CC612C496BA000E8E89C /* MarvelAPIEndPoint.swift in Sources */ = {isa = PBXBuildFile; fileRef = EEE6CC602C496BA000E8E89C /* MarvelAPIEndPoint.swift */; };
		EEE6CC632C496BCD00E8E89C /* MarvelAPIEndPointDecorator.swift in Sources */ = {isa = PBXBuildFile; fileRef = EEE6CC622C496BCD00E8E89C /* MarvelAPIEndPointDecorator.swift */; };
		EEE6CC682C497BB300E8E89C /* String+toMD5.swift in Sources */ = {isa = PBXBuildFile; fileRef = EEE6CC672C497BB300E8E89C /* String+toMD5.swift */; };
		EEE6CC6A2C497C6400E8E89C /* MarvelAPIClient.swift in Sources */ = {isa = PBXBuildFile; fileRef = EEE6CC692C497C6400E8E89C /* MarvelAPIClient.swift */; };
		EEE6CC6D2C49806D00E8E89C /* SeriesData.swift in Sources */ = {isa = PBXBuildFile; fileRef = EEE6CC6C2C49806D00E8E89C /* SeriesData.swift */; };
		EEE6CC6F2C49808D00E8E89C /* SeriesResult.swift in Sources */ = {isa = PBXBuildFile; fileRef = EEE6CC6E2C49808D00E8E89C /* SeriesResult.swift */; };
		EEE6CC742C49846600E8E89C /* APIClient in Frameworks */ = {isa = PBXBuildFile; productRef = EEE6CC732C49846600E8E89C /* APIClient */; };
		EEE6CC772C49847300E8E89C /* AlamofireAPIClient in Frameworks */ = {isa = PBXBuildFile; productRef = EEE6CC762C49847300E8E89C /* AlamofireAPIClient */; };
		EEE6CC7A2C4984C700E8E89C /* SeriesEntity.swift in Sources */ = {isa = PBXBuildFile; fileRef = EEE6CC792C4984C700E8E89C /* SeriesEntity.swift */; };
		EEE6CC7E2C49889700E8E89C /* SeriesRepository.swift in Sources */ = {isa = PBXBuildFile; fileRef = EEE6CC7D2C49889700E8E89C /* SeriesRepository.swift */; };
		EEE6CC832C498A1C00E8E89C /* SeriesResultMapper.swift in Sources */ = {isa = PBXBuildFile; fileRef = EEE6CC822C498A1C00E8E89C /* SeriesResultMapper.swift */; };
		EEE6CC852C498A5800E8E89C /* MarvelAPIReponse.swift in Sources */ = {isa = PBXBuildFile; fileRef = EEE6CC842C498A5800E8E89C /* MarvelAPIReponse.swift */; };
		EEE6CC8A2C498D3200E8E89C /* SeriesEntityMapper.swift in Sources */ = {isa = PBXBuildFile; fileRef = EEE6CC892C498D3200E8E89C /* SeriesEntityMapper.swift */; };
		EEE6CC8C2C498D5E00E8E89C /* SeriesCollectionViewSectionMapper.swift in Sources */ = {isa = PBXBuildFile; fileRef = EEE6CC8B2C498D5E00E8E89C /* SeriesCollectionViewSectionMapper.swift */; };
/* End PBXBuildFile section */

/* Begin PBXFileReference section */
		EE33B51F2C46629100E9C350 /* Marvel.app */ = {isa = PBXFileReference; explicitFileType = wrapper.application; includeInIndex = 0; path = Marvel.app; sourceTree = BUILT_PRODUCTS_DIR; };
		EE33B5222C46629100E9C350 /* AppDelegate.swift */ = {isa = PBXFileReference; lastKnownFileType = sourcecode.swift; path = AppDelegate.swift; sourceTree = "<group>"; };
		EE33B5242C46629100E9C350 /* SceneDelegate.swift */ = {isa = PBXFileReference; lastKnownFileType = sourcecode.swift; path = SceneDelegate.swift; sourceTree = "<group>"; };
		EE33B52C2C46629100E9C350 /* Marvel.xcdatamodel */ = {isa = PBXFileReference; lastKnownFileType = wrapper.xcdatamodel; path = Marvel.xcdatamodel; sourceTree = "<group>"; };
		EE33B52E2C46629200E9C350 /* Assets.xcassets */ = {isa = PBXFileReference; lastKnownFileType = folder.assetcatalog; path = Assets.xcassets; sourceTree = "<group>"; };
		EE33B5332C46629200E9C350 /* Info.plist */ = {isa = PBXFileReference; lastKnownFileType = text.plist.xml; path = Info.plist; sourceTree = "<group>"; };
		EE33B5592C466C9000E9C350 /* Colors.xcassets */ = {isa = PBXFileReference; lastKnownFileType = folder.assetcatalog; path = Colors.xcassets; sourceTree = "<group>"; };
		EE33B55D2C466CA200E9C350 /* en */ = {isa = PBXFileReference; lastKnownFileType = text.plist.strings; name = en; path = en.lproj/Localizable.strings; sourceTree = "<group>"; };
		EE33B5612C466CFB00E9C350 /* swiftgen.yml */ = {isa = PBXFileReference; fileEncoding = 4; lastKnownFileType = text.yaml; path = swiftgen.yml; sourceTree = "<group>"; };
		EE33B5622C466CFB00E9C350 /* .swiftlint.yml */ = {isa = PBXFileReference; fileEncoding = 4; lastKnownFileType = text.yaml; path = .swiftlint.yml; sourceTree = "<group>"; };
		EE33B5672C466D3F00E9C350 /* ar */ = {isa = PBXFileReference; lastKnownFileType = text.plist.strings; name = ar; path = ar.lproj/Localizable.strings; sourceTree = "<group>"; };
		EE33B5682C466D9D00E9C350 /* Fonts+Generated.swift */ = {isa = PBXFileReference; fileEncoding = 4; lastKnownFileType = sourcecode.swift; path = "Fonts+Generated.swift"; sourceTree = "<group>"; };
		EE33B5692C466D9D00E9C350 /* Strings+Generated.swift */ = {isa = PBXFileReference; fileEncoding = 4; lastKnownFileType = sourcecode.swift; path = "Strings+Generated.swift"; sourceTree = "<group>"; };
		EE80A3862C480AC100D05F68 /* SeriesExpandedCollectionViewCell.swift */ = {isa = PBXFileReference; lastKnownFileType = sourcecode.swift; path = SeriesExpandedCollectionViewCell.swift; sourceTree = "<group>"; };
		EE80A3872C480AC100D05F68 /* SeriesExpandedCollectionViewCell.xib */ = {isa = PBXFileReference; lastKnownFileType = file.xib; path = SeriesExpandedCollectionViewCell.xib; sourceTree = "<group>"; };
		EE8C90442C46D56000A90677 /* MarvelCoordinator.swift */ = {isa = PBXFileReference; lastKnownFileType = sourcecode.swift; path = MarvelCoordinator.swift; sourceTree = "<group>"; };
		EE8C90462C46D67D00A90677 /* Logger.swift */ = {isa = PBXFileReference; fileEncoding = 4; lastKnownFileType = sourcecode.swift; path = Logger.swift; sourceTree = "<group>"; };
		EE8C904A2C46D75300A90677 /* SceneDelegateCommand.swift */ = {isa = PBXFileReference; lastKnownFileType = sourcecode.swift; path = SceneDelegateCommand.swift; sourceTree = "<group>"; };
		EE8C904D2C46D7DB00A90677 /* MarvelCoordinatorCommand.swift */ = {isa = PBXFileReference; lastKnownFileType = sourcecode.swift; path = MarvelCoordinatorCommand.swift; sourceTree = "<group>"; };
		EE8C90562C46D97300A90677 /* SeriesCoordinator.swift */ = {isa = PBXFileReference; fileEncoding = 4; lastKnownFileType = sourcecode.swift; path = SeriesCoordinator.swift; sourceTree = "<group>"; };
		EE8C90572C46D97300A90677 /* SeriesViewController.swift */ = {isa = PBXFileReference; fileEncoding = 4; lastKnownFileType = sourcecode.swift; path = SeriesViewController.swift; sourceTree = "<group>"; };
		EE8C90592C46D97300A90677 /* SeriesViewModel.swift */ = {isa = PBXFileReference; fileEncoding = 4; lastKnownFileType = sourcecode.swift; path = SeriesViewModel.swift; sourceTree = "<group>"; };
		EE8C905E2C46D97900A90677 /* SeriesUseCase.swift */ = {isa = PBXFileReference; fileEncoding = 4; lastKnownFileType = sourcecode.swift; path = SeriesUseCase.swift; sourceTree = "<group>"; };
		EE8C90892C46E50000A90677 /* CompositionalLayoutableSection */ = {isa = PBXFileReference; lastKnownFileType = wrapper; path = CompositionalLayoutableSection; sourceTree = "<group>"; };
		EE8C90922C46E64700A90677 /* SeriesView.swift */ = {isa = PBXFileReference; lastKnownFileType = sourcecode.swift; path = SeriesView.swift; sourceTree = "<group>"; };
		EE8C90972C46EA8700A90677 /* SeriesCollectionViewCell.swift */ = {isa = PBXFileReference; lastKnownFileType = sourcecode.swift; path = SeriesCollectionViewCell.swift; sourceTree = "<group>"; };
		EE8C90982C46EA8700A90677 /* SeriesCollectionViewSection.swift */ = {isa = PBXFileReference; lastKnownFileType = sourcecode.swift; path = SeriesCollectionViewSection.swift; sourceTree = "<group>"; };
		EE8C90992C46EA8700A90677 /* SeriesCollectionViewCell.xib */ = {isa = PBXFileReference; lastKnownFileType = file.xib; path = SeriesCollectionViewCell.xib; sourceTree = "<group>"; };
		EEA0C73B2C47B39500FFEBF0 /* Poppins-Bold.ttf */ = {isa = PBXFileReference; lastKnownFileType = file; path = "Poppins-Bold.ttf"; sourceTree = "<group>"; };
		EEA0C73C2C47B39500FFEBF0 /* Poppins-Medium.ttf */ = {isa = PBXFileReference; lastKnownFileType = file; path = "Poppins-Medium.ttf"; sourceTree = "<group>"; };
		EEA0C73D2C47B39500FFEBF0 /* Poppins-Regular.ttf */ = {isa = PBXFileReference; lastKnownFileType = file; path = "Poppins-Regular.ttf"; sourceTree = "<group>"; };
		EEA0C73E2C47B39500FFEBF0 /* Poppins-SemiBold.ttf */ = {isa = PBXFileReference; lastKnownFileType = file; path = "Poppins-SemiBold.ttf"; sourceTree = "<group>"; };
		EEDD93052C4ABB6E00B4994F /* SeriesDetailEndPoint.swift */ = {isa = PBXFileReference; lastKnownFileType = sourcecode.swift; path = SeriesDetailEndPoint.swift; sourceTree = "<group>"; };
		EEDD93072C4ABD6C00B4994F /* SeriesDetailEntity.swift */ = {isa = PBXFileReference; lastKnownFileType = sourcecode.swift; path = SeriesDetailEntity.swift; sourceTree = "<group>"; };
		EEDD93092C4ABFA100B4994F /* SeriesDetailEntityMapper.swift */ = {isa = PBXFileReference; lastKnownFileType = sourcecode.swift; path = SeriesDetailEntityMapper.swift; sourceTree = "<group>"; };
		EEDD930B2C4AC05F00B4994F /* SeriesAPIClient.swift */ = {isa = PBXFileReference; lastKnownFileType = sourcecode.swift; path = SeriesAPIClient.swift; sourceTree = "<group>"; };
		EEDD930E2C4AC5DE00B4994F /* ImageUseCase.swift */ = {isa = PBXFileReference; lastKnownFileType = sourcecode.swift; path = ImageUseCase.swift; sourceTree = "<group>"; };
		EEDD93102C4AC68A00B4994F /* SeriesDetailAPIClient.swift */ = {isa = PBXFileReference; lastKnownFileType = sourcecode.swift; path = SeriesDetailAPIClient.swift; sourceTree = "<group>"; };
		EEDD93122C4AC7B700B4994F /* SeriesRepositoryFactory.swift */ = {isa = PBXFileReference; lastKnownFileType = sourcecode.swift; path = SeriesRepositoryFactory.swift; sourceTree = "<group>"; };
		EEDD93152C4ACF4600B4994F /* Coordinator */ = {isa = PBXFileReference; lastKnownFileType = wrapper; path = Coordinator; sourceTree = "<group>"; };
		EEE6CC5D2C49662800E8E89C /* SeriesEndPoint.swift */ = {isa = PBXFileReference; lastKnownFileType = sourcecode.swift; path = SeriesEndPoint.swift; sourceTree = "<group>"; };
		EEE6CC602C496BA000E8E89C /* MarvelAPIEndPoint.swift */ = {isa = PBXFileReference; lastKnownFileType = sourcecode.swift; path = MarvelAPIEndPoint.swift; sourceTree = "<group>"; };
		EEE6CC622C496BCD00E8E89C /* MarvelAPIEndPointDecorator.swift */ = {isa = PBXFileReference; lastKnownFileType = sourcecode.swift; path = MarvelAPIEndPointDecorator.swift; sourceTree = "<group>"; };
		EEE6CC672C497BB300E8E89C /* String+toMD5.swift */ = {isa = PBXFileReference; lastKnownFileType = sourcecode.swift; path = "String+toMD5.swift"; sourceTree = "<group>"; };
		EEE6CC692C497C6400E8E89C /* MarvelAPIClient.swift */ = {isa = PBXFileReference; lastKnownFileType = sourcecode.swift; path = MarvelAPIClient.swift; sourceTree = "<group>"; };
		EEE6CC6C2C49806D00E8E89C /* SeriesData.swift */ = {isa = PBXFileReference; lastKnownFileType = sourcecode.swift; path = SeriesData.swift; sourceTree = "<group>"; };
		EEE6CC6E2C49808D00E8E89C /* SeriesResult.swift */ = {isa = PBXFileReference; lastKnownFileType = sourcecode.swift; path = SeriesResult.swift; sourceTree = "<group>"; };
		EEE6CC722C49845000E8E89C /* APIClient */ = {isa = PBXFileReference; lastKnownFileType = wrapper; path = APIClient; sourceTree = "<group>"; };
		EEE6CC752C49846C00E8E89C /* AlamofireAPIClient */ = {isa = PBXFileReference; lastKnownFileType = wrapper; path = AlamofireAPIClient; sourceTree = "<group>"; };
		EEE6CC792C4984C700E8E89C /* SeriesEntity.swift */ = {isa = PBXFileReference; lastKnownFileType = sourcecode.swift; path = SeriesEntity.swift; sourceTree = "<group>"; };
		EEE6CC7D2C49889700E8E89C /* SeriesRepository.swift */ = {isa = PBXFileReference; lastKnownFileType = sourcecode.swift; path = SeriesRepository.swift; sourceTree = "<group>"; };
		EEE6CC822C498A1C00E8E89C /* SeriesResultMapper.swift */ = {isa = PBXFileReference; lastKnownFileType = sourcecode.swift; path = SeriesResultMapper.swift; sourceTree = "<group>"; };
		EEE6CC842C498A5800E8E89C /* MarvelAPIReponse.swift */ = {isa = PBXFileReference; lastKnownFileType = sourcecode.swift; path = MarvelAPIReponse.swift; sourceTree = "<group>"; };
		EEE6CC892C498D3200E8E89C /* SeriesEntityMapper.swift */ = {isa = PBXFileReference; lastKnownFileType = sourcecode.swift; path = SeriesEntityMapper.swift; sourceTree = "<group>"; };
		EEE6CC8B2C498D5E00E8E89C /* SeriesCollectionViewSectionMapper.swift */ = {isa = PBXFileReference; lastKnownFileType = sourcecode.swift; path = SeriesCollectionViewSectionMapper.swift; sourceTree = "<group>"; };
/* End PBXFileReference section */

/* Begin PBXFrameworksBuildPhase section */
		EE33B51C2C46629100E9C350 /* Frameworks */ = {
			isa = PBXFrameworksBuildPhase;
			buildActionMask = 2147483647;
			files = (
				EE8C908D2C46E51200A90677 /* CompositionalLayoutableSection in Frameworks */,
				EEE6CC742C49846600E8E89C /* APIClient in Frameworks */,
				EEE6CC772C49847300E8E89C /* AlamofireAPIClient in Frameworks */,
				EEDD93172C4ACF5900B4994F /* Coordinator in Frameworks */,
			);
			runOnlyForDeploymentPostprocessing = 0;
		};
/* End PBXFrameworksBuildPhase section */

/* Begin PBXGroup section */
		EE33B5162C46629100E9C350 = {
			isa = PBXGroup;
			children = (
				EE33B5622C466CFB00E9C350 /* .swiftlint.yml */,
				EE33B5612C466CFB00E9C350 /* swiftgen.yml */,
				EE33B5572C466C6600E9C350 /* Modules */,
				EE33B5212C46629100E9C350 /* Marvel */,
				EE33B5562C466C5700E9C350 /* Utilites */,
				EE33B5552C466C4E00E9C350 /* Resources */,
				EE33B5202C46629100E9C350 /* Products */,
				EE8C90602C46DA7F00A90677 /* Frameworks */,
			);
			sourceTree = "<group>";
		};
		EE33B5202C46629100E9C350 /* Products */ = {
			isa = PBXGroup;
			children = (
				EE33B51F2C46629100E9C350 /* Marvel.app */,
			);
			name = Products;
			sourceTree = "<group>";
		};
		EE33B5212C46629100E9C350 /* Marvel */ = {
			isa = PBXGroup;
			children = (
				EE8C90422C46D51600A90677 /* App */,
				EEE6CC5C2C4965F600E8E89C /* Data */,
				EEDD930D2C4AC1C400B4994F /* Domain */,
				EE8C90412C46D4E700A90677 /* Scenes */,
				EE33B5332C46629200E9C350 /* Info.plist */,
				EE33B52B2C46629100E9C350 /* Marvel.xcdatamodeld */,
			);
			path = Marvel;
			sourceTree = "<group>";
		};
		EE33B5552C466C4E00E9C350 /* Resources */ = {
			isa = PBXGroup;
			children = (
				EE33B5602C466CCD00E9C350 /* Fonts */,
				EE33B5582C466C8200E9C350 /* Assets */,
				EE33B55B2C466C9300E9C350 /* Localization */,
				EE33B55F2C466CBD00E9C350 /* Generated */,
			);
			path = Resources;
			sourceTree = "<group>";
		};
		EE33B5562C466C5700E9C350 /* Utilites */ = {
			isa = PBXGroup;
			children = (
				EEE6CC662C497BA900E8E89C /* Extensions */,
				EE8C90472C46D67D00A90677 /* Logger */,
			);
			path = Utilites;
			sourceTree = "<group>";
		};
		EE33B5572C466C6600E9C350 /* Modules */ = {
			isa = PBXGroup;
			children = (
				EEDD93152C4ACF4600B4994F /* Coordinator */,
				EEE6CC752C49846C00E8E89C /* AlamofireAPIClient */,
				EEE6CC722C49845000E8E89C /* APIClient */,
				EE8C90892C46E50000A90677 /* CompositionalLayoutableSection */,
			);
			path = Modules;
			sourceTree = "<group>";
		};
		EE33B5582C466C8200E9C350 /* Assets */ = {
			isa = PBXGroup;
			children = (
				EE33B52E2C46629200E9C350 /* Assets.xcassets */,
				EE33B5592C466C9000E9C350 /* Colors.xcassets */,
			);
			path = Assets;
			sourceTree = "<group>";
		};
		EE33B55B2C466C9300E9C350 /* Localization */ = {
			isa = PBXGroup;
			children = (
				EE33B55C2C466CA200E9C350 /* Localizable.strings */,
			);
			path = Localization;
			sourceTree = "<group>";
		};
		EE33B55F2C466CBD00E9C350 /* Generated */ = {
			isa = PBXGroup;
			children = (
				EE33B5682C466D9D00E9C350 /* Fonts+Generated.swift */,
				EE33B5692C466D9D00E9C350 /* Strings+Generated.swift */,
			);
			path = Generated;
			sourceTree = "<group>";
		};
		EE33B5602C466CCD00E9C350 /* Fonts */ = {
			isa = PBXGroup;
			children = (
				EEA0C73F2C47B39500FFEBF0 /* Poppins */,
			);
			path = Fonts;
			sourceTree = "<group>";
		};
		EE80A38A2C4816A600D05F68 /* Cells */ = {
			isa = PBXGroup;
			children = (
				EE80A38C2C4816B300D05F68 /* Series */,
				EE80A38B2C4816A900D05F68 /* SeriesDetail */,
			);
			path = Cells;
			sourceTree = "<group>";
		};
		EE80A38B2C4816A900D05F68 /* SeriesDetail */ = {
			isa = PBXGroup;
			children = (
				EE80A3862C480AC100D05F68 /* SeriesExpandedCollectionViewCell.swift */,
				EE80A3872C480AC100D05F68 /* SeriesExpandedCollectionViewCell.xib */,
			);
			path = SeriesDetail;
			sourceTree = "<group>";
		};
		EE80A38C2C4816B300D05F68 /* Series */ = {
			isa = PBXGroup;
			children = (
				EE8C90992C46EA8700A90677 /* SeriesCollectionViewCell.xib */,
				EE8C90972C46EA8700A90677 /* SeriesCollectionViewCell.swift */,
			);
			path = Series;
			sourceTree = "<group>";
		};
		EE8C90412C46D4E700A90677 /* Scenes */ = {
			isa = PBXGroup;
			children = (
				EE8C904F2C46D94400A90677 /* Series */,
			);
			path = Scenes;
			sourceTree = "<group>";
		};
		EE8C90422C46D51600A90677 /* App */ = {
			isa = PBXGroup;
			children = (
				EE8C904C2C46D7A400A90677 /* SceneDelegateCommand */,
				EE33B5222C46629100E9C350 /* AppDelegate.swift */,
				EE33B5242C46629100E9C350 /* SceneDelegate.swift */,
				EE8C90442C46D56000A90677 /* MarvelCoordinator.swift */,
			);
			path = App;
			sourceTree = "<group>";
		};
		EE8C90472C46D67D00A90677 /* Logger */ = {
			isa = PBXGroup;
			children = (
				EE8C90462C46D67D00A90677 /* Logger.swift */,
			);
			path = Logger;
			sourceTree = "<group>";
		};
		EE8C904C2C46D7A400A90677 /* SceneDelegateCommand */ = {
			isa = PBXGroup;
			children = (
				EE8C904A2C46D75300A90677 /* SceneDelegateCommand.swift */,
				EE8C904D2C46D7DB00A90677 /* MarvelCoordinatorCommand.swift */,
			);
			path = SceneDelegateCommand;
			sourceTree = "<group>";
		};
		EE8C904F2C46D94400A90677 /* Series */ = {
			isa = PBXGroup;
			children = (
				EEE6CC5B2C4965E800E8E89C /* Data */,
				EE8C90552C46D96A00A90677 /* Domain */,
				EE8C90542C46D96500A90677 /* Presentation */,
			);
			path = Series;
			sourceTree = "<group>";
		};
		EE8C90542C46D96500A90677 /* Presentation */ = {
			isa = PBXGroup;
			children = (
				EEE6CC8F2C499CFE00E8E89C /* Mapper */,
				EE8C90962C46EA5900A90677 /* Sections */,
				EE8C90922C46E64700A90677 /* SeriesView.swift */,
				EE8C90592C46D97300A90677 /* SeriesViewModel.swift */,
				EE8C90572C46D97300A90677 /* SeriesViewController.swift */,
				EE8C90562C46D97300A90677 /* SeriesCoordinator.swift */,
			);
			path = Presentation;
			sourceTree = "<group>";
		};
		EE8C90552C46D96A00A90677 /* Domain */ = {
			isa = PBXGroup;
			children = (
				EEE6CC882C498D1500E8E89C /* Mapper */,
				EEE6CC782C4984BE00E8E89C /* Entity */,
				EEE6CC7F2C49894800E8E89C /* Repository */,
				EEE6CC802C49894F00E8E89C /* UseCase */,
			);
			path = Domain;
			sourceTree = "<group>";
		};
		EE8C90602C46DA7F00A90677 /* Frameworks */ = {
			isa = PBXGroup;
			children = (
			);
			name = Frameworks;
			sourceTree = "<group>";
		};
		EE8C90962C46EA5900A90677 /* Sections */ = {
			isa = PBXGroup;
			children = (
				EE80A38A2C4816A600D05F68 /* Cells */,
				EE8C90982C46EA8700A90677 /* SeriesCollectionViewSection.swift */,
			);
			path = Sections;
			sourceTree = "<group>";
		};
		EEA0C73F2C47B39500FFEBF0 /* Poppins */ = {
			isa = PBXGroup;
			children = (
				EEA0C73B2C47B39500FFEBF0 /* Poppins-Bold.ttf */,
				EEA0C73C2C47B39500FFEBF0 /* Poppins-Medium.ttf */,
				EEA0C73D2C47B39500FFEBF0 /* Poppins-Regular.ttf */,
				EEA0C73E2C47B39500FFEBF0 /* Poppins-SemiBold.ttf */,
			);
			path = Poppins;
			sourceTree = "<group>";
		};
		EEDD930D2C4AC1C400B4994F /* Domain */ = {
			isa = PBXGroup;
			children = (
				EEDD930E2C4AC5DE00B4994F /* ImageUseCase.swift */,
			);
			path = Domain;
			sourceTree = "<group>";
		};
		EEE6CC5B2C4965E800E8E89C /* Data */ = {
			isa = PBXGroup;
			children = (
				EEE6CC812C498A1500E8E89C /* Mapper */,
				EEE6CC6B2C49806100E8E89C /* Model */,
				EEE6CC5D2C49662800E8E89C /* SeriesEndPoint.swift */,
				EEDD93052C4ABB6E00B4994F /* SeriesDetailEndPoint.swift */,
				EEDD930B2C4AC05F00B4994F /* SeriesAPIClient.swift */,
				EEDD93102C4AC68A00B4994F /* SeriesDetailAPIClient.swift */,
			);
			path = Data;
			sourceTree = "<group>";
		};
		EEE6CC5C2C4965F600E8E89C /* Data */ = {
			isa = PBXGroup;
			children = (
				EEE6CC5F2C496B8800E8E89C /* Network */,
			);
			path = Data;
			sourceTree = "<group>";
		};
		EEE6CC5F2C496B8800E8E89C /* Network */ = {
			isa = PBXGroup;
			children = (
				EEE6CC602C496BA000E8E89C /* MarvelAPIEndPoint.swift */,
				EEE6CC622C496BCD00E8E89C /* MarvelAPIEndPointDecorator.swift */,
				EEE6CC692C497C6400E8E89C /* MarvelAPIClient.swift */,
				EEE6CC842C498A5800E8E89C /* MarvelAPIReponse.swift */,
			);
			path = Network;
			sourceTree = "<group>";
		};
		EEE6CC662C497BA900E8E89C /* Extensions */ = {
			isa = PBXGroup;
			children = (
				EEE6CC672C497BB300E8E89C /* String+toMD5.swift */,
			);
			path = Extensions;
			sourceTree = "<group>";
		};
		EEE6CC6B2C49806100E8E89C /* Model */ = {
			isa = PBXGroup;
			children = (
				EEE6CC6C2C49806D00E8E89C /* SeriesData.swift */,
				EEE6CC6E2C49808D00E8E89C /* SeriesResult.swift */,
			);
			path = Model;
			sourceTree = "<group>";
		};
		EEE6CC782C4984BE00E8E89C /* Entity */ = {
			isa = PBXGroup;
			children = (
				EEE6CC792C4984C700E8E89C /* SeriesEntity.swift */,
				EEDD93072C4ABD6C00B4994F /* SeriesDetailEntity.swift */,
			);
			path = Entity;
			sourceTree = "<group>";
		};
		EEE6CC7F2C49894800E8E89C /* Repository */ = {
			isa = PBXGroup;
			children = (
				EEE6CC7D2C49889700E8E89C /* SeriesRepository.swift */,
				EEDD93122C4AC7B700B4994F /* SeriesRepositoryFactory.swift */,
			);
			path = Repository;
			sourceTree = "<group>";
		};
		EEE6CC802C49894F00E8E89C /* UseCase */ = {
			isa = PBXGroup;
			children = (
				EE8C905E2C46D97900A90677 /* SeriesUseCase.swift */,
			);
			path = UseCase;
			sourceTree = "<group>";
		};
		EEE6CC812C498A1500E8E89C /* Mapper */ = {
			isa = PBXGroup;
			children = (
				EEE6CC822C498A1C00E8E89C /* SeriesResultMapper.swift */,
			);
			path = Mapper;
			sourceTree = "<group>";
		};
		EEE6CC882C498D1500E8E89C /* Mapper */ = {
			isa = PBXGroup;
			children = (
				EEE6CC892C498D3200E8E89C /* SeriesEntityMapper.swift */,
				EEDD93092C4ABFA100B4994F /* SeriesDetailEntityMapper.swift */,
			);
			path = Mapper;
			sourceTree = "<group>";
		};
		EEE6CC8F2C499CFE00E8E89C /* Mapper */ = {
			isa = PBXGroup;
			children = (
				EEE6CC8B2C498D5E00E8E89C /* SeriesCollectionViewSectionMapper.swift */,
			);
			path = Mapper;
			sourceTree = "<group>";
		};
/* End PBXGroup section */

/* Begin PBXNativeTarget section */
		EE33B51E2C46629100E9C350 /* Marvel */ = {
			isa = PBXNativeTarget;
			buildConfigurationList = EE33B54C2C46629300E9C350 /* Build configuration list for PBXNativeTarget "Marvel" */;
			buildPhases = (
				EE33B5652C466D0D00E9C350 /* swiftgen */,
				EE33B5662C466D2200E9C350 /* swiftlint */,
				EE33B51B2C46629100E9C350 /* Sources */,
				EE33B51C2C46629100E9C350 /* Frameworks */,
				EE33B51D2C46629100E9C350 /* Resources */,
			);
			buildRules = (
			);
			dependencies = (
			);
			name = Marvel;
			packageProductDependencies = (
				EE8C908C2C46E51200A90677 /* CompositionalLayoutableSection */,
				EEE6CC732C49846600E8E89C /* APIClient */,
				EEE6CC762C49847300E8E89C /* AlamofireAPIClient */,
				EEDD93162C4ACF5900B4994F /* Coordinator */,
			);
			productName = Marvel;
			productReference = EE33B51F2C46629100E9C350 /* Marvel.app */;
			productType = "com.apple.product-type.application";
		};
/* End PBXNativeTarget section */

/* Begin PBXProject section */
		EE33B5172C46629100E9C350 /* Project object */ = {
			isa = PBXProject;
			attributes = {
				BuildIndependentTargetsInParallel = 1;
				LastSwiftUpdateCheck = 1540;
				LastUpgradeCheck = 1540;
				TargetAttributes = {
					EE33B51E2C46629100E9C350 = {
						CreatedOnToolsVersion = 15.4;
					};
				};
			};
			buildConfigurationList = EE33B51A2C46629100E9C350 /* Build configuration list for PBXProject "Marvel" */;
			compatibilityVersion = "Xcode 14.0";
			developmentRegion = en;
			hasScannedForEncodings = 0;
			knownRegions = (
				en,
				Base,
				ar,
			);
			mainGroup = EE33B5162C46629100E9C350;
			packageReferences = (
			);
			productRefGroup = EE33B5202C46629100E9C350 /* Products */;
			projectDirPath = "";
			projectRoot = "";
			targets = (
				EE33B51E2C46629100E9C350 /* Marvel */,
			);
		};
/* End PBXProject section */

/* Begin PBXResourcesBuildPhase section */
		EE33B51D2C46629100E9C350 /* Resources */ = {
			isa = PBXResourcesBuildPhase;
			buildActionMask = 2147483647;
			files = (
				EE8C909A2C46EA8700A90677 /* SeriesCollectionViewCell.xib in Resources */,
				EE33B5642C466CFB00E9C350 /* .swiftlint.yml in Resources */,
				EEA0C7432C47B39500FFEBF0 /* Poppins-SemiBold.ttf in Resources */,
				EE33B55A2C466C9000E9C350 /* Colors.xcassets in Resources */,
				EE80A3892C480AC100D05F68 /* SeriesExpandedCollectionViewCell.xib in Resources */,
				EEA0C7402C47B39500FFEBF0 /* Poppins-Bold.ttf in Resources */,
				EE33B5632C466CFB00E9C350 /* swiftgen.yml in Resources */,
				EEA0C7412C47B39500FFEBF0 /* Poppins-Medium.ttf in Resources */,
				EE33B55E2C466CA200E9C350 /* Localizable.strings in Resources */,
				EE33B52F2C46629200E9C350 /* Assets.xcassets in Resources */,
				EEA0C7422C47B39500FFEBF0 /* Poppins-Regular.ttf in Resources */,
			);
			runOnlyForDeploymentPostprocessing = 0;
		};
/* End PBXResourcesBuildPhase section */

/* Begin PBXShellScriptBuildPhase section */
		EE33B5652C466D0D00E9C350 /* swiftgen */ = {
			isa = PBXShellScriptBuildPhase;
			alwaysOutOfDate = 1;
			buildActionMask = 2147483647;
			files = (
			);
			inputFileListPaths = (
			);
			inputPaths = (
			);
			name = swiftgen;
			outputFileListPaths = (
			);
			outputPaths = (
			);
			runOnlyForDeploymentPostprocessing = 0;
			shellPath = /bin/sh;
			shellScript = "# Type a script or drag a script file from your workspace to insert its path.\nexport PATH=\"$PATH:/opt/homebrew/bin\"\nif which swiftgen >/dev/null; then\n  swiftgen\nelse\n  echo \"swiftgen not installed\"\nfi \n";
		};
		EE33B5662C466D2200E9C350 /* swiftlint */ = {
			isa = PBXShellScriptBuildPhase;
			alwaysOutOfDate = 1;
			buildActionMask = 2147483647;
			files = (
			);
			inputFileListPaths = (
			);
			inputPaths = (
			);
			name = swiftlint;
			outputFileListPaths = (
			);
			outputPaths = (
			);
			runOnlyForDeploymentPostprocessing = 0;
			shellPath = /bin/sh;
			shellScript = "export PATH=\"$PATH:/opt/homebrew/bin\"\nif which swiftlint >/dev/null; then\n  swiftlint\nelse\n  echo \"warning: SwiftLint not installed, download from https://github.com/realm/SwiftLint\"\nfi \n";
		};
/* End PBXShellScriptBuildPhase section */

/* Begin PBXSourcesBuildPhase section */
		EE33B51B2C46629100E9C350 /* Sources */ = {
			isa = PBXSourcesBuildPhase;
			buildActionMask = 2147483647;
			files = (
				EE8C90452C46D56000A90677 /* MarvelCoordinator.swift in Sources */,
				EE8C909B2C46EA8700A90677 /* SeriesCollectionViewCell.swift in Sources */,
				EEE6CC8A2C498D3200E8E89C /* SeriesEntityMapper.swift in Sources */,
				EE8C909C2C46EA8700A90677 /* SeriesCollectionViewSection.swift in Sources */,
				EE8C905D2C46D97300A90677 /* SeriesViewModel.swift in Sources */,
				EE8C905F2C46D97900A90677 /* SeriesUseCase.swift in Sources */,
				EEE6CC612C496BA000E8E89C /* MarvelAPIEndPoint.swift in Sources */,
				EE33B5232C46629100E9C350 /* AppDelegate.swift in Sources */,
				EEE6CC6F2C49808D00E8E89C /* SeriesResult.swift in Sources */,
				EEDD93132C4AC7B700B4994F /* SeriesRepositoryFactory.swift in Sources */,
				EE8C904E2C46D7DB00A90677 /* MarvelCoordinatorCommand.swift in Sources */,
				EEE6CC7E2C49889700E8E89C /* SeriesRepository.swift in Sources */,
				EEE6CC6A2C497C6400E8E89C /* MarvelAPIClient.swift in Sources */,
				EEE6CC632C496BCD00E8E89C /* MarvelAPIEndPointDecorator.swift in Sources */,
				EEDD93082C4ABD6C00B4994F /* SeriesDetailEntity.swift in Sources */,
				EE8C905A2C46D97300A90677 /* SeriesCoordinator.swift in Sources */,
				EEE6CC8C2C498D5E00E8E89C /* SeriesCollectionViewSectionMapper.swift in Sources */,
				EE80A3882C480AC100D05F68 /* SeriesExpandedCollectionViewCell.swift in Sources */,
				EEE6CC682C497BB300E8E89C /* String+toMD5.swift in Sources */,
				EE33B56B2C466D9D00E9C350 /* Strings+Generated.swift in Sources */,
				EEDD93112C4AC68A00B4994F /* SeriesDetailAPIClient.swift in Sources */,
				EE33B52D2C46629100E9C350 /* Marvel.xcdatamodeld in Sources */,
				EEDD93062C4ABB6E00B4994F /* SeriesDetailEndPoint.swift in Sources */,
				EEE6CC832C498A1C00E8E89C /* SeriesResultMapper.swift in Sources */,
				EE33B56A2C466D9D00E9C350 /* Fonts+Generated.swift in Sources */,
				EE8C904B2C46D75300A90677 /* SceneDelegateCommand.swift in Sources */,
				EEDD930C2C4AC05F00B4994F /* SeriesAPIClient.swift in Sources */,
				EEDD930A2C4ABFA100B4994F /* SeriesDetailEntityMapper.swift in Sources */,
				EEE6CC7A2C4984C700E8E89C /* SeriesEntity.swift in Sources */,
				EEE6CC852C498A5800E8E89C /* MarvelAPIReponse.swift in Sources */,
				EEE6CC5E2C49662800E8E89C /* SeriesEndPoint.swift in Sources */,
				EE8C905B2C46D97300A90677 /* SeriesViewController.swift in Sources */,
				EE33B5252C46629100E9C350 /* SceneDelegate.swift in Sources */,
				EEE6CC6D2C49806D00E8E89C /* SeriesData.swift in Sources */,
				EEDD930F2C4AC5DE00B4994F /* ImageUseCase.swift in Sources */,
				EE8C90482C46D67D00A90677 /* Logger.swift in Sources */,
				EE8C90952C46E64700A90677 /* SeriesView.swift in Sources */,
			);
			runOnlyForDeploymentPostprocessing = 0;
		};
/* End PBXSourcesBuildPhase section */

/* Begin PBXVariantGroup section */
		EE33B55C2C466CA200E9C350 /* Localizable.strings */ = {
			isa = PBXVariantGroup;
			children = (
				EE33B55D2C466CA200E9C350 /* en */,
				EE33B5672C466D3F00E9C350 /* ar */,
			);
			name = Localizable.strings;
			sourceTree = "<group>";
		};
/* End PBXVariantGroup section */

/* Begin XCBuildConfiguration section */
		EE33B54A2C46629300E9C350 /* Debug */ = {
			isa = XCBuildConfiguration;
			buildSettings = {
				ALWAYS_SEARCH_USER_PATHS = NO;
				ASSETCATALOG_COMPILER_GENERATE_SWIFT_ASSET_SYMBOL_EXTENSIONS = YES;
				CLANG_ANALYZER_LOCALIZABILITY_NONLOCALIZED = YES;
				CLANG_ANALYZER_NONNULL = YES;
				CLANG_ANALYZER_NUMBER_OBJECT_CONVERSION = YES_AGGRESSIVE;
				CLANG_CXX_LANGUAGE_STANDARD = "gnu++20";
				CLANG_ENABLE_MODULES = YES;
				CLANG_ENABLE_OBJC_ARC = YES;
				CLANG_ENABLE_OBJC_WEAK = YES;
				CLANG_WARN_BLOCK_CAPTURE_AUTORELEASING = YES;
				CLANG_WARN_BOOL_CONVERSION = YES;
				CLANG_WARN_COMMA = YES;
				CLANG_WARN_CONSTANT_CONVERSION = YES;
				CLANG_WARN_DEPRECATED_OBJC_IMPLEMENTATIONS = YES;
				CLANG_WARN_DIRECT_OBJC_ISA_USAGE = YES_ERROR;
				CLANG_WARN_DOCUMENTATION_COMMENTS = YES;
				CLANG_WARN_EMPTY_BODY = YES;
				CLANG_WARN_ENUM_CONVERSION = YES;
				CLANG_WARN_INFINITE_RECURSION = YES;
				CLANG_WARN_INT_CONVERSION = YES;
				CLANG_WARN_NON_LITERAL_NULL_CONVERSION = YES;
				CLANG_WARN_OBJC_IMPLICIT_RETAIN_SELF = YES;
				CLANG_WARN_OBJC_LITERAL_CONVERSION = YES;
				CLANG_WARN_OBJC_ROOT_CLASS = YES_ERROR;
				CLANG_WARN_QUOTED_INCLUDE_IN_FRAMEWORK_HEADER = YES;
				CLANG_WARN_RANGE_LOOP_ANALYSIS = YES;
				CLANG_WARN_STRICT_PROTOTYPES = YES;
				CLANG_WARN_SUSPICIOUS_MOVE = YES;
				CLANG_WARN_UNGUARDED_AVAILABILITY = YES_AGGRESSIVE;
				CLANG_WARN_UNREACHABLE_CODE = YES;
				CLANG_WARN__DUPLICATE_METHOD_MATCH = YES;
				COPY_PHASE_STRIP = NO;
				DEBUG_INFORMATION_FORMAT = dwarf;
				ENABLE_STRICT_OBJC_MSGSEND = YES;
				ENABLE_TESTABILITY = YES;
				ENABLE_USER_SCRIPT_SANDBOXING = NO;
				GCC_C_LANGUAGE_STANDARD = gnu17;
				GCC_DYNAMIC_NO_PIC = NO;
				GCC_NO_COMMON_BLOCKS = YES;
				GCC_OPTIMIZATION_LEVEL = 0;
				GCC_PREPROCESSOR_DEFINITIONS = (
					"DEBUG=1",
					"$(inherited)",
				);
				GCC_WARN_64_TO_32_BIT_CONVERSION = YES;
				GCC_WARN_ABOUT_RETURN_TYPE = YES_ERROR;
				GCC_WARN_UNDECLARED_SELECTOR = YES;
				GCC_WARN_UNINITIALIZED_AUTOS = YES_AGGRESSIVE;
				GCC_WARN_UNUSED_FUNCTION = YES;
				GCC_WARN_UNUSED_VARIABLE = YES;
				IPHONEOS_DEPLOYMENT_TARGET = 15.0;
				LOCALIZATION_PREFERS_STRING_CATALOGS = YES;
				MTL_ENABLE_DEBUG_INFO = INCLUDE_SOURCE;
				MTL_FAST_MATH = YES;
				ONLY_ACTIVE_ARCH = YES;
				SDKROOT = iphoneos;
				SWIFT_ACTIVE_COMPILATION_CONDITIONS = "DEBUG $(inherited)";
				SWIFT_OPTIMIZATION_LEVEL = "-Onone";
			};
			name = Debug;
		};
		EE33B54B2C46629300E9C350 /* Release */ = {
			isa = XCBuildConfiguration;
			buildSettings = {
				ALWAYS_SEARCH_USER_PATHS = NO;
				ASSETCATALOG_COMPILER_GENERATE_SWIFT_ASSET_SYMBOL_EXTENSIONS = YES;
				CLANG_ANALYZER_LOCALIZABILITY_NONLOCALIZED = YES;
				CLANG_ANALYZER_NONNULL = YES;
				CLANG_ANALYZER_NUMBER_OBJECT_CONVERSION = YES_AGGRESSIVE;
				CLANG_CXX_LANGUAGE_STANDARD = "gnu++20";
				CLANG_ENABLE_MODULES = YES;
				CLANG_ENABLE_OBJC_ARC = YES;
				CLANG_ENABLE_OBJC_WEAK = YES;
				CLANG_WARN_BLOCK_CAPTURE_AUTORELEASING = YES;
				CLANG_WARN_BOOL_CONVERSION = YES;
				CLANG_WARN_COMMA = YES;
				CLANG_WARN_CONSTANT_CONVERSION = YES;
				CLANG_WARN_DEPRECATED_OBJC_IMPLEMENTATIONS = YES;
				CLANG_WARN_DIRECT_OBJC_ISA_USAGE = YES_ERROR;
				CLANG_WARN_DOCUMENTATION_COMMENTS = YES;
				CLANG_WARN_EMPTY_BODY = YES;
				CLANG_WARN_ENUM_CONVERSION = YES;
				CLANG_WARN_INFINITE_RECURSION = YES;
				CLANG_WARN_INT_CONVERSION = YES;
				CLANG_WARN_NON_LITERAL_NULL_CONVERSION = YES;
				CLANG_WARN_OBJC_IMPLICIT_RETAIN_SELF = YES;
				CLANG_WARN_OBJC_LITERAL_CONVERSION = YES;
				CLANG_WARN_OBJC_ROOT_CLASS = YES_ERROR;
				CLANG_WARN_QUOTED_INCLUDE_IN_FRAMEWORK_HEADER = YES;
				CLANG_WARN_RANGE_LOOP_ANALYSIS = YES;
				CLANG_WARN_STRICT_PROTOTYPES = YES;
				CLANG_WARN_SUSPICIOUS_MOVE = YES;
				CLANG_WARN_UNGUARDED_AVAILABILITY = YES_AGGRESSIVE;
				CLANG_WARN_UNREACHABLE_CODE = YES;
				CLANG_WARN__DUPLICATE_METHOD_MATCH = YES;
				COPY_PHASE_STRIP = NO;
				DEBUG_INFORMATION_FORMAT = "dwarf-with-dsym";
				ENABLE_NS_ASSERTIONS = NO;
				ENABLE_STRICT_OBJC_MSGSEND = YES;
				ENABLE_USER_SCRIPT_SANDBOXING = NO;
				GCC_C_LANGUAGE_STANDARD = gnu17;
				GCC_NO_COMMON_BLOCKS = YES;
				GCC_WARN_64_TO_32_BIT_CONVERSION = YES;
				GCC_WARN_ABOUT_RETURN_TYPE = YES_ERROR;
				GCC_WARN_UNDECLARED_SELECTOR = YES;
				GCC_WARN_UNINITIALIZED_AUTOS = YES_AGGRESSIVE;
				GCC_WARN_UNUSED_FUNCTION = YES;
				GCC_WARN_UNUSED_VARIABLE = YES;
				IPHONEOS_DEPLOYMENT_TARGET = 15.0;
				LOCALIZATION_PREFERS_STRING_CATALOGS = YES;
				MTL_ENABLE_DEBUG_INFO = NO;
				MTL_FAST_MATH = YES;
				SDKROOT = iphoneos;
				SWIFT_COMPILATION_MODE = wholemodule;
				VALIDATE_PRODUCT = YES;
			};
			name = Release;
		};
		EE33B54D2C46629300E9C350 /* Debug */ = {
			isa = XCBuildConfiguration;
			buildSettings = {
				ASSETCATALOG_COMPILER_APPICON_NAME = AppIcon;
				ASSETCATALOG_COMPILER_GLOBAL_ACCENT_COLOR_NAME = AccentColor;
				CODE_SIGN_STYLE = Automatic;
				CURRENT_PROJECT_VERSION = 1;
				DEVELOPMENT_TEAM = 4U8DMJ33ZN;
				GENERATE_INFOPLIST_FILE = YES;
				INFOPLIST_FILE = Marvel/Info.plist;
				INFOPLIST_KEY_UIApplicationSupportsIndirectInputEvents = YES;
				INFOPLIST_KEY_UILaunchStoryboardName = LaunchScreen;
				INFOPLIST_KEY_UISupportedInterfaceOrientations_iPad = "UIInterfaceOrientationPortrait UIInterfaceOrientationPortraitUpsideDown UIInterfaceOrientationLandscapeLeft UIInterfaceOrientationLandscapeRight";
				INFOPLIST_KEY_UISupportedInterfaceOrientations_iPhone = "UIInterfaceOrientationPortrait UIInterfaceOrientationLandscapeLeft UIInterfaceOrientationLandscapeRight";
				IPHONEOS_DEPLOYMENT_TARGET = 15.0;
				LD_RUNPATH_SEARCH_PATHS = (
					"$(inherited)",
					"@executable_path/Frameworks",
				);
				MARKETING_VERSION = 1.0;
				PRODUCT_BUNDLE_IDENTIFIER = com.yamany.Marvel;
				PRODUCT_NAME = "$(TARGET_NAME)";
				SWIFT_EMIT_LOC_STRINGS = YES;
				SWIFT_VERSION = 5.0;
				TARGETED_DEVICE_FAMILY = "1,2";
			};
			name = Debug;
		};
		EE33B54E2C46629300E9C350 /* Release */ = {
			isa = XCBuildConfiguration;
			buildSettings = {
				ASSETCATALOG_COMPILER_APPICON_NAME = AppIcon;
				ASSETCATALOG_COMPILER_GLOBAL_ACCENT_COLOR_NAME = AccentColor;
				CODE_SIGN_STYLE = Automatic;
				CURRENT_PROJECT_VERSION = 1;
				DEVELOPMENT_TEAM = 4U8DMJ33ZN;
				GENERATE_INFOPLIST_FILE = YES;
				INFOPLIST_FILE = Marvel/Info.plist;
				INFOPLIST_KEY_UIApplicationSupportsIndirectInputEvents = YES;
				INFOPLIST_KEY_UILaunchStoryboardName = LaunchScreen;
				INFOPLIST_KEY_UISupportedInterfaceOrientations_iPad = "UIInterfaceOrientationPortrait UIInterfaceOrientationPortraitUpsideDown UIInterfaceOrientationLandscapeLeft UIInterfaceOrientationLandscapeRight";
				INFOPLIST_KEY_UISupportedInterfaceOrientations_iPhone = "UIInterfaceOrientationPortrait UIInterfaceOrientationLandscapeLeft UIInterfaceOrientationLandscapeRight";
				IPHONEOS_DEPLOYMENT_TARGET = 15.0;
				LD_RUNPATH_SEARCH_PATHS = (
					"$(inherited)",
					"@executable_path/Frameworks",
				);
				MARKETING_VERSION = 1.0;
				PRODUCT_BUNDLE_IDENTIFIER = com.yamany.Marvel;
				PRODUCT_NAME = "$(TARGET_NAME)";
				SWIFT_EMIT_LOC_STRINGS = YES;
				SWIFT_VERSION = 5.0;
				TARGETED_DEVICE_FAMILY = "1,2";
			};
			name = Release;
		};
/* End XCBuildConfiguration section */

/* Begin XCConfigurationList section */
		EE33B51A2C46629100E9C350 /* Build configuration list for PBXProject "Marvel" */ = {
			isa = XCConfigurationList;
			buildConfigurations = (
				EE33B54A2C46629300E9C350 /* Debug */,
				EE33B54B2C46629300E9C350 /* Release */,
			);
			defaultConfigurationIsVisible = 0;
			defaultConfigurationName = Release;
		};
		EE33B54C2C46629300E9C350 /* Build configuration list for PBXNativeTarget "Marvel" */ = {
			isa = XCConfigurationList;
			buildConfigurations = (
				EE33B54D2C46629300E9C350 /* Debug */,
				EE33B54E2C46629300E9C350 /* Release */,
			);
			defaultConfigurationIsVisible = 0;
			defaultConfigurationName = Release;
		};
/* End XCConfigurationList section */

/* Begin XCSwiftPackageProductDependency section */
		EE8C908C2C46E51200A90677 /* CompositionalLayoutableSection */ = {
			isa = XCSwiftPackageProductDependency;
			productName = CompositionalLayoutableSection;
		};
		EEDD93162C4ACF5900B4994F /* Coordinator */ = {
			isa = XCSwiftPackageProductDependency;
			productName = Coordinator;
		};
		EEE6CC732C49846600E8E89C /* APIClient */ = {
			isa = XCSwiftPackageProductDependency;
			productName = APIClient;
		};
		EEE6CC762C49847300E8E89C /* AlamofireAPIClient */ = {
			isa = XCSwiftPackageProductDependency;
			productName = AlamofireAPIClient;
		};
/* End XCSwiftPackageProductDependency section */

/* Begin XCVersionGroup section */
		EE33B52B2C46629100E9C350 /* Marvel.xcdatamodeld */ = {
			isa = XCVersionGroup;
			children = (
				EE33B52C2C46629100E9C350 /* Marvel.xcdatamodel */,
			);
			currentVersion = EE33B52C2C46629100E9C350 /* Marvel.xcdatamodel */;
			path = Marvel.xcdatamodeld;
			sourceTree = "<group>";
			versionGroupType = wrapper.xcdatamodel;
		};
/* End XCVersionGroup section */
	};
	rootObject = EE33B5172C46629100E9C350 /* Project object */;
}
